
Microsoft Visual Studio Solution File, Format Version 12.00
# Visual Studio Version 17
VisualStudioVersion = 17.4.33103.184
MinimumVisualStudioVersion = 10.0.40219.1
Project("{9A19103F-16F7-4668-BE54-9A1E7A4F7556}") = "Spg.DomainLinQ.App", "Spg.DomainLinQ.App\Spg.DomainLinQ.App.csproj", "{6FA16381-2EDF-4408-B147-A2C72F4EF0C4}"
EndProject
Project("{FAE04EC0-301F-11D3-BF4B-00C04F79EFBC}") = "Spg.DomainLinQ.App.Test", "Spg.DomainLinQ.App.Test\Spg.DomainLinQ.App.Test.csproj", "{8A850D1F-3049-4EC4-ACD4-E08F3C1AC8FF}"
EndProject
Global
	GlobalSection(SolutionConfigurationPlatforms) = preSolution
		Debug|Any CPU = Debug|Any CPU
		Release|Any CPU = Release|Any CPU
	EndGlobalSection
	GlobalSection(ProjectConfigurationPlatforms) = postSolution
		{6FA16381-2EDF-4408-B147-A2C72F4EF0C4}.Debug|Any CPU.ActiveCfg = Debug|Any CPU
		{6FA16381-2EDF-4408-B147-A2C72F4EF0C4}.Debug|Any CPU.Build.0 = Debug|Any CPU
		{6FA16381-2EDF-4408-B147-A2C72F4EF0C4}.Release|Any CPU.ActiveCfg = Release|Any CPU
		{6FA16381-2EDF-4408-B147-A2C72F4EF0C4}.Release|Any CPU.Build.0 = Release|Any CPU
		{8A850D1F-3049-4EC4-ACD4-E08F3C1AC8FF}.Debug|Any CPU.ActiveCfg = Debug|Any CPU
		{8A850D1F-3049-4EC4-ACD4-E08F3C1AC8FF}.Debug|Any CPU.Build.0 = Debug|Any CPU
		{8A850D1F-3049-4EC4-ACD4-E08F3C1AC8FF}.Release|Any CPU.ActiveCfg = Release|Any CPU
		{8A850D1F-3049-4EC4-ACD4-E08F3C1AC8FF}.Release|Any CPU.Build.0 = Release|Any CPU
	EndGlobalSection
	GlobalSection(SolutionProperties) = preSolution
		HideSolutionNode = FALSE
	EndGlobalSection
	GlobalSection(ExtensibilityGlobals) = postSolution
		SolutionGuid = {2C766F42-034F-41ED-B871-448C8467FCF0}
	EndGlobalSection
EndGlobal
